{
  "name": "claude-skill-tipsy-chat-builder",
  "version": "1.0.0",
  "lockfileVersion": 3,
  "requires": true,
  "packages": {
    "": {
      "name": "claude-skill-tipsy-chat-builder",
      "version": "1.0.0",
      "license": "CC-BY-SA-4.0",
      "engines": {
        "node": ">=20",
        "npm": ">=10"
      }
    }
  }
}
